
Microsoft Visual Studio Solution File, Format Version 12.00
# Visual Studio Version 17
VisualStudioVersion = 17.5.002.0
MinimumVisualStudioVersion = 10.0.40219.1
Project("{9A19103F-16F7-4668-BE54-9A1E7A4F7556}") = "MyApp1", "MyApp1.csproj", "{1D3F1CEF-F346-4517-BA89-847A342D8261}"
EndProject
Global
	GlobalSection(SolutionConfigurationPlatforms) = preSolution
		Debug|Any CPU = Debug|Any CPU
		Release|Any CPU = Release|Any CPU
	EndGlobalSection
	GlobalSection(ProjectConfigurationPlatforms) = postSolution
		{1D3F1CEF-F346-4517-BA89-847A342D8261}.Debug|Any CPU.ActiveCfg = Debug|Any CPU
		{1D3F1CEF-F346-4517-BA89-847A342D8261}.Debug|Any CPU.Build.0 = Debug|Any CPU
		{1D3F1CEF-F346-4517-BA89-847A342D8261}.Release|Any CPU.ActiveCfg = Release|Any CPU
		{1D3F1CEF-F346-4517-BA89-847A342D8261}.Release|Any CPU.Build.0 = Release|Any CPU
	EndGlobalSection
	GlobalSection(SolutionProperties) = preSolution
		HideSolutionNode = FALSE
	EndGlobalSection
	GlobalSection(ExtensibilityGlobals) = postSolution
		SolutionGuid = {CEBF1345-A597-4452-B2F2-62BAD2BDECE7}
	EndGlobalSection
EndGlobal
